
Microsoft Visual Studio Solution File, Format Version 12.00
# Visual Studio 2012
Project("{FAE04EC0-301F-11D3-BF4B-00C04F79EFBC}") = "CoursePlatForm", "CoursePlatForm\CoursePlatForm.csproj", "{E03C5B79-40ED-4C68-875A-387ABF8D0597}"
EndProject
Project("{FAE04EC0-301F-11D3-BF4B-00C04F79EFBC}") = "CommonClassLibrary", "CommonClassLibrary\CommonClassLibrary.csproj", "{D44DFD68-5376-49F8-8359-F9B9EC4AF37E}"
EndProject
Project("{FAE04EC0-301F-11D3-BF4B-00C04F79EFBC}") = "Models", "Models\Models.csproj", "{B25F34E9-7592-4742-A7F6-68BBB24BDEEB}"
EndProject
Project("{FAE04EC0-301F-11D3-BF4B-00C04F79EFBC}") = "ConsoleApplication1", "ConsoleApplication1\ConsoleApplication1.csproj", "{00F1093C-8D50-4318-9A88-F50F16CD0470}"
EndProject
Global
	GlobalSection(SolutionConfigurationPlatforms) = preSolution
		Debug|Any CPU = Debug|Any CPU
		Release|Any CPU = Release|Any CPU
	EndGlobalSection
	GlobalSection(ProjectConfigurationPlatforms) = postSolution
		{E03C5B79-40ED-4C68-875A-387ABF8D0597}.Debug|Any CPU.ActiveCfg = Debug|Any CPU
		{E03C5B79-40ED-4C68-875A-387ABF8D0597}.Debug|Any CPU.Build.0 = Debug|Any CPU
		{E03C5B79-40ED-4C68-875A-387ABF8D0597}.Release|Any CPU.ActiveCfg = Release|Any CPU
		{E03C5B79-40ED-4C68-875A-387ABF8D0597}.Release|Any CPU.Build.0 = Release|Any CPU
		{D44DFD68-5376-49F8-8359-F9B9EC4AF37E}.Debug|Any CPU.ActiveCfg = Debug|Any CPU
		{D44DFD68-5376-49F8-8359-F9B9EC4AF37E}.Debug|Any CPU.Build.0 = Debug|Any CPU
		{D44DFD68-5376-49F8-8359-F9B9EC4AF37E}.Release|Any CPU.ActiveCfg = Release|Any CPU
		{D44DFD68-5376-49F8-8359-F9B9EC4AF37E}.Release|Any CPU.Build.0 = Release|Any CPU
		{B25F34E9-7592-4742-A7F6-68BBB24BDEEB}.Debug|Any CPU.ActiveCfg = Debug|Any CPU
		{B25F34E9-7592-4742-A7F6-68BBB24BDEEB}.Debug|Any CPU.Build.0 = Debug|Any CPU
		{B25F34E9-7592-4742-A7F6-68BBB24BDEEB}.Release|Any CPU.ActiveCfg = Release|Any CPU
		{B25F34E9-7592-4742-A7F6-68BBB24BDEEB}.Release|Any CPU.Build.0 = Release|Any CPU
		{00F1093C-8D50-4318-9A88-F50F16CD0470}.Debug|Any CPU.ActiveCfg = Debug|Any CPU
		{00F1093C-8D50-4318-9A88-F50F16CD0470}.Debug|Any CPU.Build.0 = Debug|Any CPU
		{00F1093C-8D50-4318-9A88-F50F16CD0470}.Release|Any CPU.ActiveCfg = Release|Any CPU
		{00F1093C-8D50-4318-9A88-F50F16CD0470}.Release|Any CPU.Build.0 = Release|Any CPU
	EndGlobalSection
	GlobalSection(SolutionProperties) = preSolution
		HideSolutionNode = FALSE
	EndGlobalSection
EndGlobal
